
Microsoft Visual Studio Solution File, Format Version 12.00
# Visual Studio Version 16
VisualStudioVersion = 16.0.31424.327
MinimumVisualStudioVersion = 10.0.40219.1
Project("{FAE04EC0-301F-11D3-BF4B-00C04F79EFBC}") = "SummerTask_RadkevichMarsell", "SummerTask_RadkevichMarsell\SummerTask_RadkevichMarsell.csproj", "{021414C3-4137-4440-B630-5F269C4A3D62}"
EndProject
Project("{FAE04EC0-301F-11D3-BF4B-00C04F79EFBC}") = "LineParser.Tests", "LineParser.Tests\LineParser.Tests.csproj", "{24D33D0F-2C17-4272-AD74-CD3A90DCF842}"
EndProject
Global
	GlobalSection(SolutionConfigurationPlatforms) = preSolution
		Debug|Any CPU = Debug|Any CPU
		Release|Any CPU = Release|Any CPU
	EndGlobalSection
	GlobalSection(ProjectConfigurationPlatforms) = postSolution
		{021414C3-4137-4440-B630-5F269C4A3D62}.Debug|Any CPU.ActiveCfg = Debug|Any CPU
		{021414C3-4137-4440-B630-5F269C4A3D62}.Debug|Any CPU.Build.0 = Debug|Any CPU
		{021414C3-4137-4440-B630-5F269C4A3D62}.Release|Any CPU.ActiveCfg = Release|Any CPU
		{021414C3-4137-4440-B630-5F269C4A3D62}.Release|Any CPU.Build.0 = Release|Any CPU
		{24D33D0F-2C17-4272-AD74-CD3A90DCF842}.Debug|Any CPU.ActiveCfg = Debug|Any CPU
		{24D33D0F-2C17-4272-AD74-CD3A90DCF842}.Debug|Any CPU.Build.0 = Debug|Any CPU
		{24D33D0F-2C17-4272-AD74-CD3A90DCF842}.Release|Any CPU.ActiveCfg = Release|Any CPU
		{24D33D0F-2C17-4272-AD74-CD3A90DCF842}.Release|Any CPU.Build.0 = Release|Any CPU
	EndGlobalSection
	GlobalSection(SolutionProperties) = preSolution
		HideSolutionNode = FALSE
	EndGlobalSection
	GlobalSection(ExtensibilityGlobals) = postSolution
		SolutionGuid = {C511DC10-B912-4109-940C-9CD23CA13A4B}
	EndGlobalSection
EndGlobal
